
Microsoft Visual Studio Solution File, Format Version 12.00
# Visual Studio Version 16
VisualStudioVersion = 16.0.29728.190
MinimumVisualStudioVersion = 10.0.40219.1
Project("{FAE04EC0-301F-11D3-BF4B-00C04F79EFBC}") = "AzureEventGridLabs.Consumer", "AzureEventGridLabs.Consumer\AzureEventGridLabs.Consumer.csproj", "{B554172D-9C1B-4FC8-ADCF-13DFD6F2C617}"
EndProject
Global
	GlobalSection(SolutionConfigurationPlatforms) = preSolution
		Debug|Any CPU = Debug|Any CPU
		Release|Any CPU = Release|Any CPU
	EndGlobalSection
	GlobalSection(ProjectConfigurationPlatforms) = postSolution
		{B554172D-9C1B-4FC8-ADCF-13DFD6F2C617}.Debug|Any CPU.ActiveCfg = Debug|Any CPU
		{B554172D-9C1B-4FC8-ADCF-13DFD6F2C617}.Debug|Any CPU.Build.0 = Debug|Any CPU
		{B554172D-9C1B-4FC8-ADCF-13DFD6F2C617}.Release|Any CPU.ActiveCfg = Release|Any CPU
		{B554172D-9C1B-4FC8-ADCF-13DFD6F2C617}.Release|Any CPU.Build.0 = Release|Any CPU
	EndGlobalSection
	GlobalSection(SolutionProperties) = preSolution
		HideSolutionNode = FALSE
	EndGlobalSection
	GlobalSection(ExtensibilityGlobals) = postSolution
		SolutionGuid = {C84B9063-02A6-4CA3-A7C3-52764EBFB515}
	EndGlobalSection
EndGlobal
